
Microsoft Visual Studio Solution File, Format Version 12.00
# Visual Studio Version 16
VisualStudioVersion = 25.0.1706.1
MinimumVisualStudioVersion = 10.0.40219.1
Project("{FAE04EC0-301F-11D3-BF4B-00C04F79EFBC}") = "27.07.2023", "27.07.2023\27.07.2023.csproj", "{793C783A-07FF-4CD8-A6D5-61FC3C5A674D}"
EndProject
Global
	GlobalSection(SolutionConfigurationPlatforms) = preSolution
		Debug|Any CPU = Debug|Any CPU
		Release|Any CPU = Release|Any CPU
	EndGlobalSection
	GlobalSection(ProjectConfigurationPlatforms) = postSolution
		{793C783A-07FF-4CD8-A6D5-61FC3C5A674D}.Debug|Any CPU.ActiveCfg = Debug|Any CPU
		{793C783A-07FF-4CD8-A6D5-61FC3C5A674D}.Debug|Any CPU.Build.0 = Debug|Any CPU
		{793C783A-07FF-4CD8-A6D5-61FC3C5A674D}.Release|Any CPU.ActiveCfg = Release|Any CPU
		{793C783A-07FF-4CD8-A6D5-61FC3C5A674D}.Release|Any CPU.Build.0 = Release|Any CPU
	EndGlobalSection
	GlobalSection(SolutionProperties) = preSolution
		HideSolutionNode = FALSE
	EndGlobalSection
	GlobalSection(ExtensibilityGlobals) = postSolution
		SolutionGuid = {4AF2CB7D-E526-4D25-895E-F0F8D9463A80}
	EndGlobalSection
EndGlobal
